
Microsoft Visual Studio Solution File, Format Version 12.00
# Visual Studio Version 17
VisualStudioVersion = 17.7.34202.233
MinimumVisualStudioVersion = 10.0.40219.1
Project("{FAE04EC0-301F-11D3-BF4B-00C04F79EFBC}") = "ADO.net Application", "ADO.net Application\ADO.net Application.csproj", "{66F583C6-5BDE-42BD-80F4-187EE444440D}"
EndProject
Global
	GlobalSection(SolutionConfigurationPlatforms) = preSolution
		Debug|Any CPU = Debug|Any CPU
		Release|Any CPU = Release|Any CPU
	EndGlobalSection
	GlobalSection(ProjectConfigurationPlatforms) = postSolution
		{66F583C6-5BDE-42BD-80F4-187EE444440D}.Debug|Any CPU.ActiveCfg = Debug|Any CPU
		{66F583C6-5BDE-42BD-80F4-187EE444440D}.Debug|Any CPU.Build.0 = Debug|Any CPU
		{66F583C6-5BDE-42BD-80F4-187EE444440D}.Release|Any CPU.ActiveCfg = Release|Any CPU
		{66F583C6-5BDE-42BD-80F4-187EE444440D}.Release|Any CPU.Build.0 = Release|Any CPU
	EndGlobalSection
	GlobalSection(SolutionProperties) = preSolution
		HideSolutionNode = FALSE
	EndGlobalSection
	GlobalSection(ExtensibilityGlobals) = postSolution
		SolutionGuid = {2067A989-7FD6-472C-9C67-EC8F76AF55B8}
	EndGlobalSection
EndGlobal
